// !$*UTF8*$!
{
	archiveVersion = 1;
	classes = {
	};
	objectVersion = 48;
	objects = {

/* Begin PBXBuildFile section */
		0E09CC3D209D22F200745249 /* AppDelegate.swift in Sources */ = {isa = PBXBuildFile; fileRef = 0E09CC3C209D22F200745249 /* AppDelegate.swift */; };
		0E09CC3F209D22F200745249 /* VentanaPrincipal.swift in Sources */ = {isa = PBXBuildFile; fileRef = 0E09CC3E209D22F200745249 /* VentanaPrincipal.swift */; };
		0E09CC42209D22F200745249 /* Main.storyboard in Resources */ = {isa = PBXBuildFile; fileRef = 0E09CC40209D22F200745249 /* Main.storyboard */; };
		0E09CC44209D22F200745249 /* Assets.xcassets in Resources */ = {isa = PBXBuildFile; fileRef = 0E09CC43209D22F200745249 /* Assets.xcassets */; };
		0E09CC47209D22F200745249 /* LaunchScreen.storyboard in Resources */ = {isa = PBXBuildFile; fileRef = 0E09CC45209D22F200745249 /* LaunchScreen.storyboard */; };
		0E09CC52209D22F200745249 /* aplicacion_deUnaVentanaTests.swift in Sources */ = {isa = PBXBuildFile; fileRef = 0E09CC51209D22F200745249 /* aplicacion_deUnaVentanaTests.swift */; };
		0E09CC5D209D22F200745249 /* aplicacion_deUnaVentanaUITests.swift in Sources */ = {isa = PBXBuildFile; fileRef = 0E09CC5C209D22F200745249 /* aplicacion_deUnaVentanaUITests.swift */; };
/* End PBXBuildFile section */

/* Begin PBXContainerItemProxy section */
		0E09CC4E209D22F200745249 /* PBXContainerItemProxy */ = {
			isa = PBXContainerItemProxy;
			containerPortal = 0E09CC31209D22F200745249 /* Project object */;
			proxyType = 1;
			remoteGlobalIDString = 0E09CC38209D22F200745249;
			remoteInfo = aplicacion_deUnaVentana;
		};
		0E09CC59209D22F200745249 /* PBXContainerItemProxy */ = {
			isa = PBXContainerItemProxy;
			containerPortal = 0E09CC31209D22F200745249 /* Project object */;
			proxyType = 1;
			remoteGlobalIDString = 0E09CC38209D22F200745249;
			remoteInfo = aplicacion_deUnaVentana;
		};
/* End PBXContainerItemProxy section */

/* Begin PBXFileReference section */
		0E09CC39209D22F200745249 /* aplicacion_deUnaVentana.app */ = {isa = PBXFileReference; explicitFileType = wrapper.application; includeInIndex = 0; path = aplicacion_deUnaVentana.app; sourceTree = BUILT_PRODUCTS_DIR; };
		0E09CC3C209D22F200745249 /* AppDelegate.swift */ = {isa = PBXFileReference; lastKnownFileType = sourcecode.swift; path = AppDelegate.swift; sourceTree = "<group>"; };
		0E09CC3E209D22F200745249 /* VentanaPrincipal.swift */ = {isa = PBXFileReference; lastKnownFileType = sourcecode.swift; path = VentanaPrincipal.swift; sourceTree = "<group>"; };
		0E09CC41209D22F200745249 /* Base */ = {isa = PBXFileReference; lastKnownFileType = file.storyboard; name = Base; path = Base.lproj/Main.storyboard; sourceTree = "<group>"; };
		0E09CC43209D22F200745249 /* Assets.xcassets */ = {isa = PBXFileReference; lastKnownFileType = folder.assetcatalog; path = Assets.xcassets; sourceTree = "<group>"; };
		0E09CC46209D22F200745249 /* Base */ = {isa = PBXFileReference; lastKnownFileType = file.storyboard; name = Base; path = Base.lproj/LaunchScreen.storyboard; sourceTree = "<group>"; };
		0E09CC48209D22F200745249 /* Info.plist */ = {isa = PBXFileReference; lastKnownFileType = text.plist.xml; path = Info.plist; sourceTree = "<group>"; };
		0E09CC4D209D22F200745249 /* aplicacion_deUnaVentanaTests.xctest */ = {isa = PBXFileReference; explicitFileType = wrapper.cfbundle; includeInIndex = 0; path = aplicacion_deUnaVentanaTests.xctest; sourceTree = BUILT_PRODUCTS_DIR; };
		0E09CC51209D22F200745249 /* aplicacion_deUnaVentanaTests.swift */ = {isa = PBXFileReference; lastKnownFileType = sourcecode.swift; path = aplicacion_deUnaVentanaTests.swift; sourceTree = "<group>"; };
		0E09CC53209D22F200745249 /* Info.plist */ = {isa = PBXFileReference; lastKnownFileType = text.plist.xml; path = Info.plist; sourceTree = "<group>"; };
		0E09CC58209D22F200745249 /* aplicacion_deUnaVentanaUITests.xctest */ = {isa = PBXFileReference; explicitFileType = wrapper.cfbundle; includeInIndex = 0; path = aplicacion_deUnaVentanaUITests.xctest; sourceTree = BUILT_PRODUCTS_DIR; };
		0E09CC5C209D22F200745249 /* aplicacion_deUnaVentanaUITests.swift */ = {isa = PBXFileReference; lastKnownFileType = sourcecode.swift; path = aplicacion_deUnaVentanaUITests.swift; sourceTree = "<group>"; };
		0E09CC5E209D22F200745249 /* Info.plist */ = {isa = PBXFileReference; lastKnownFileType = text.plist.xml; path = Info.plist; sourceTree = "<group>"; };
/* End PBXFileReference section */

/* Begin PBXFrameworksBuildPhase section */
		0E09CC36209D22F200745249 /* Frameworks */ = {
			isa = PBXFrameworksBuildPhase;
			buildActionMask = 2147483647;
			files = (
			);
			runOnlyForDeploymentPostprocessing = 0;
		};
		0E09CC4A209D22F200745249 /* Frameworks */ = {
			isa = PBXFrameworksBuildPhase;
			buildActionMask = 2147483647;
			files = (
			);
			runOnlyForDeploymentPostprocessing = 0;
		};
		0E09CC55209D22F200745249 /* Frameworks */ = {
			isa = PBXFrameworksBuildPhase;
			buildActionMask = 2147483647;
			files = (
			);
			runOnlyForDeploymentPostprocessing = 0;
		};
/* End PBXFrameworksBuildPhase section */

/* Begin PBXGroup section */
		0E09CC30209D22F200745249 = {
			isa = PBXGroup;
			children = (
				0E09CC3B209D22F200745249 /* aplicacion_deUnaVentana */,
				0E09CC50209D22F200745249 /* aplicacion_deUnaVentanaTests */,
				0E09CC5B209D22F200745249 /* aplicacion_deUnaVentanaUITests */,
				0E09CC3A209D22F200745249 /* Products */,
			);
			sourceTree = "<group>";
		};
		0E09CC3A209D22F200745249 /* Products */ = {
			isa = PBXGroup;
			children = (
				0E09CC39209D22F200745249 /* aplicacion_deUnaVentana.app */,
				0E09CC4D209D22F200745249 /* aplicacion_deUnaVentanaTests.xctest */,
				0E09CC58209D22F200745249 /* aplicacion_deUnaVentanaUITests.xctest */,
			);
			name = Products;
			sourceTree = "<group>";
		};
		0E09CC3B209D22F200745249 /* aplicacion_deUnaVentana */ = {
			isa = PBXGroup;
			children = (
				0E09CC3C209D22F200745249 /* AppDelegate.swift */,
				0E09CC3E209D22F200745249 /* VentanaPrincipal.swift */,
				0E09CC40209D22F200745249 /* Main.storyboard */,
				0E09CC43209D22F200745249 /* Assets.xcassets */,
				0E09CC45209D22F200745249 /* LaunchScreen.storyboard */,
				0E09CC48209D22F200745249 /* Info.plist */,
			);
			path = aplicacion_deUnaVentana;
			sourceTree = "<group>";
		};
		0E09CC50209D22F200745249 /* aplicacion_deUnaVentanaTests */ = {
			isa = PBXGroup;
			children = (
				0E09CC51209D22F200745249 /* aplicacion_deUnaVentanaTests.swift */,
				0E09CC53209D22F200745249 /* Info.plist */,
			);
			path = aplicacion_deUnaVentanaTests;
			sourceTree = "<group>";
		};
		0E09CC5B209D22F200745249 /* aplicacion_deUnaVentanaUITests */ = {
			isa = PBXGroup;
			children = (
				0E09CC5C209D22F200745249 /* aplicacion_deUnaVentanaUITests.swift */,
				0E09CC5E209D22F200745249 /* Info.plist */,
			);
			path = aplicacion_deUnaVentanaUITests;
			sourceTree = "<group>";
		};
/* End PBXGroup section */

/* Begin PBXNativeTarget section */
		0E09CC38209D22F200745249 /* aplicacion_deUnaVentana */ = {
			isa = PBXNativeTarget;
			buildConfigurationList = 0E09CC61209D22F200745249 /* Build configuration list for PBXNativeTarget "aplicacion_deUnaVentana" */;
			buildPhases = (
				0E09CC35209D22F200745249 /* Sources */,
				0E09CC36209D22F200745249 /* Frameworks */,
				0E09CC37209D22F200745249 /* Resources */,
			);
			buildRules = (
			);
			dependencies = (
			);
			name = aplicacion_deUnaVentana;
			productName = aplicacion_deUnaVentana;
			productReference = 0E09CC39209D22F200745249 /* aplicacion_deUnaVentana.app */;
			productType = "com.apple.product-type.application";
		};
		0E09CC4C209D22F200745249 /* aplicacion_deUnaVentanaTests */ = {
			isa = PBXNativeTarget;
			buildConfigurationList = 0E09CC64209D22F200745249 /* Build configuration list for PBXNativeTarget "aplicacion_deUnaVentanaTests" */;
			buildPhases = (
				0E09CC49209D22F200745249 /* Sources */,
				0E09CC4A209D22F200745249 /* Frameworks */,
				0E09CC4B209D22F200745249 /* Resources */,
			);
			buildRules = (
			);
			dependencies = (
				0E09CC4F209D22F200745249 /* PBXTargetDependency */,
			);
			name = aplicacion_deUnaVentanaTests;
			productName = aplicacion_deUnaVentanaTests;
			productReference = 0E09CC4D209D22F200745249 /* aplicacion_deUnaVentanaTests.xctest */;
			productType = "com.apple.product-type.bundle.unit-test";
		};
		0E09CC57209D22F200745249 /* aplicacion_deUnaVentanaUITests */ = {
			isa = PBXNativeTarget;
			buildConfigurationList = 0E09CC67209D22F200745249 /* Build configuration list for PBXNativeTarget "aplicacion_deUnaVentanaUITests" */;
			buildPhases = (
				0E09CC54209D22F200745249 /* Sources */,
				0E09CC55209D22F200745249 /* Frameworks */,
				0E09CC56209D22F200745249 /* Resources */,
			);
			buildRules = (
			);
			dependencies = (
				0E09CC5A209D22F200745249 /* PBXTargetDependency */,
			);
			name = aplicacion_deUnaVentanaUITests;
			productName = aplicacion_deUnaVentanaUITests;
			productReference = 0E09CC58209D22F200745249 /* aplicacion_deUnaVentanaUITests.xctest */;
			productType = "com.apple.product-type.bundle.ui-testing";
		};
/* End PBXNativeTarget section */

/* Begin PBXProject section */
		0E09CC31209D22F200745249 /* Project object */ = {
			isa = PBXProject;
			attributes = {
				LastSwiftUpdateCheck = 0920;
				LastUpgradeCheck = 0920;
				ORGANIZATIONNAME = "Eduardo Rojas Alvarez";
				TargetAttributes = {
					0E09CC38209D22F200745249 = {
						CreatedOnToolsVersion = 9.2;
						ProvisioningStyle = Automatic;
					};
					0E09CC4C209D22F200745249 = {
						CreatedOnToolsVersion = 9.2;
						ProvisioningStyle = Automatic;
						TestTargetID = 0E09CC38209D22F200745249;
					};
					0E09CC57209D22F200745249 = {
						CreatedOnToolsVersion = 9.2;
						ProvisioningStyle = Automatic;
						TestTargetID = 0E09CC38209D22F200745249;
					};
				};
			};
			buildConfigurationList = 0E09CC34209D22F200745249 /* Build configuration list for PBXProject "aplicacion_deUnaVentana" */;
			compatibilityVersion = "Xcode 8.0";
			developmentRegion = en;
			hasScannedForEncodings = 0;
			knownRegions = (
				en,
				Base,
			);
			mainGroup = 0E09CC30209D22F200745249;
			productRefGroup = 0E09CC3A209D22F200745249 /* Products */;
			projectDirPath = "";
			projectRoot = "";
			targets = (
				0E09CC38209D22F200745249 /* aplicacion_deUnaVentana */,
				0E09CC4C209D22F200745249 /* aplicacion_deUnaVentanaTests */,
				0E09CC57209D22F200745249 /* aplicacion_deUnaVentanaUITests */,
			);
		};
/* End PBXProject section */

/* Begin PBXResourcesBuildPhase section */
		0E09CC37209D22F200745249 /* Resources */ = {
			isa = PBXResourcesBuildPhase;
			buildActionMask = 2147483647;
			files = (
				0E09CC47209D22F200745249 /* LaunchScreen.storyboard in Resources */,
				0E09CC44209D22F200745249 /* Assets.xcassets in Resources */,
				0E09CC42209D22F200745249 /* Main.storyboard in Resources */,
			);
			runOnlyForDeploymentPostprocessing = 0;
		};
		0E09CC4B209D22F200745249 /* Resources */ = {
			isa = PBXResourcesBuildPhase;
			buildActionMask = 2147483647;
			files = (
			);
			runOnlyForDeploymentPostprocessing = 0;
		};
		0E09CC56209D22F200745249 /* Resources */ = {
			isa = PBXResourcesBuildPhase;
			buildActionMask = 2147483647;
			files = (
			);
			runOnlyForDeploymentPostprocessing = 0;
		};
/* End PBXResourcesBuildPhase section */

/* Begin PBXSourcesBuildPhase section */
		0E09CC35209D22F200745249 /* Sources */ = {
			isa = PBXSourcesBuildPhase;
			buildActionMask = 2147483647;
			files = (
				0E09CC3F209D22F200745249 /* VentanaPrincipal.swift in Sources */,
				0E09CC3D209D22F200745249 /* AppDelegate.swift in Sources */,
			);
			runOnlyForDeploymentPostprocessing = 0;
		};
		0E09CC49209D22F200745249 /* Sources */ = {
			isa = PBXSourcesBuildPhase;
			buildActionMask = 2147483647;
			files = (
				0E09CC52209D22F200745249 /* aplicacion_deUnaVentanaTests.swift in Sources */,
			);
			runOnlyForDeploymentPostprocessing = 0;
		};
		0E09CC54209D22F200745249 /* Sources */ = {
			isa = PBXSourcesBuildPhase;
			buildActionMask = 2147483647;
			files = (
				0E09CC5D209D22F200745249 /* aplicacion_deUnaVentanaUITests.swift in Sources */,
			);
			runOnlyForDeploymentPostprocessing = 0;
		};
/* End PBXSourcesBuildPhase section */

/* Begin PBXTargetDependency section */
		0E09CC4F209D22F200745249 /* PBXTargetDependency */ = {
			isa = PBXTargetDependency;
			target = 0E09CC38209D22F200745249 /* aplicacion_deUnaVentana */;
			targetProxy = 0E09CC4E209D22F200745249 /* PBXContainerItemProxy */;
		};
		0E09CC5A209D22F200745249 /* PBXTargetDependency */ = {
			isa = PBXTargetDependency;
			target = 0E09CC38209D22F200745249 /* aplicacion_deUnaVentana */;
			targetProxy = 0E09CC59209D22F200745249 /* PBXContainerItemProxy */;
		};
/* End PBXTargetDependency section */

/* Begin PBXVariantGroup section */
		0E09CC40209D22F200745249 /* Main.storyboard */ = {
			isa = PBXVariantGroup;
			children = (
				0E09CC41209D22F200745249 /* Base */,
			);
			name = Main.storyboard;
			sourceTree = "<group>";
		};
		0E09CC45209D22F200745249 /* LaunchScreen.storyboard */ = {
			isa = PBXVariantGroup;
			children = (
				0E09CC46209D22F200745249 /* Base */,
			);
			name = LaunchScreen.storyboard;
			sourceTree = "<group>";
		};
/* End PBXVariantGroup section */

/* Begin XCBuildConfiguration section */
		0E09CC5F209D22F200745249 /* Debug */ = {
			isa = XCBuildConfiguration;
			buildSettings = {
				ALWAYS_SEARCH_USER_PATHS = NO;
				CLANG_ANALYZER_NONNULL = YES;
				CLANG_ANALYZER_NUMBER_OBJECT_CONVERSION = YES_AGGRESSIVE;
				CLANG_CXX_LANGUAGE_STANDARD = "gnu++14";
				CLANG_CXX_LIBRARY = "libc++";
				CLANG_ENABLE_MODULES = YES;
				CLANG_ENABLE_OBJC_ARC = YES;
				CLANG_WARN_BLOCK_CAPTURE_AUTORELEASING = YES;
				CLANG_WARN_BOOL_CONVERSION = YES;
				CLANG_WARN_COMMA = YES;
				CLANG_WARN_CONSTANT_CONVERSION = YES;
				CLANG_WARN_DIRECT_OBJC_ISA_USAGE = YES_ERROR;
				CLANG_WARN_DOCUMENTATION_COMMENTS = YES;
				CLANG_WARN_EMPTY_BODY = YES;
				CLANG_WARN_ENUM_CONVERSION = YES;
				CLANG_WARN_INFINITE_RECURSION = YES;
				CLANG_WARN_INT_CONVERSION = YES;
				CLANG_WARN_NON_LITERAL_NULL_CONVERSION = YES;
				CLANG_WARN_OBJC_LITERAL_CONVERSION = YES;
				CLANG_WARN_OBJC_ROOT_CLASS = YES_ERROR;
				CLANG_WARN_RANGE_LOOP_ANALYSIS = YES;
				CLANG_WARN_STRICT_PROTOTYPES = YES;
				CLANG_WARN_SUSPICIOUS_MOVE = YES;
				CLANG_WARN_UNGUARDED_AVAILABILITY = YES_AGGRESSIVE;
				CLANG_WARN_UNREACHABLE_CODE = YES;
				CLANG_WARN__DUPLICATE_METHOD_MATCH = YES;
				CODE_SIGN_IDENTITY = "iPhone Developer";
				COPY_PHASE_STRIP = NO;
				DEBUG_INFORMATION_FORMAT = dwarf;
				ENABLE_STRICT_OBJC_MSGSEND = YES;
				ENABLE_TESTABILITY = YES;
				GCC_C_LANGUAGE_STANDARD = gnu11;
				GCC_DYNAMIC_NO_PIC = NO;
				GCC_NO_COMMON_BLOCKS = YES;
				GCC_OPTIMIZATION_LEVEL = 0;
				GCC_PREPROCESSOR_DEFINITIONS = (
					"DEBUG=1",
					"$(inherited)",
				);
				GCC_WARN_64_TO_32_BIT_CONVERSION = YES;
				GCC_WARN_ABOUT_RETURN_TYPE = YES_ERROR;
				GCC_WARN_UNDECLARED_SELECTOR = YES;
				GCC_WARN_UNINITIALIZED_AUTOS = YES_AGGRESSIVE;
				GCC_WARN_UNUSED_FUNCTION = YES;
				GCC_WARN_UNUSED_VARIABLE = YES;
				IPHONEOS_DEPLOYMENT_TARGET = 11.2;
				MTL_ENABLE_DEBUG_INFO = YES;
				ONLY_ACTIVE_ARCH = YES;
				SDKROOT = iphoneos;
				SWIFT_ACTIVE_COMPILATION_CONDITIONS = DEBUG;
				SWIFT_OPTIMIZATION_LEVEL = "-Onone";
			};
			name = Debug;
		};
		0E09CC60209D22F200745249 /* Release */ = {
			isa = XCBuildConfiguration;
			buildSettings = {
				ALWAYS_SEARCH_USER_PATHS = NO;
				CLANG_ANALYZER_NONNULL = YES;
				CLANG_ANALYZER_NUMBER_OBJECT_CONVERSION = YES_AGGRESSIVE;
				CLANG_CXX_LANGUAGE_STANDARD = "gnu++14";
				CLANG_CXX_LIBRARY = "libc++";
				CLANG_ENABLE_MODULES = YES;
				CLANG_ENABLE_OBJC_ARC = YES;
				CLANG_WARN_BLOCK_CAPTURE_AUTORELEASING = YES;
				CLANG_WARN_BOOL_CONVERSION = YES;
				CLANG_WARN_COMMA = YES;
				CLANG_WARN_CONSTANT_CONVERSION = YES;
				CLANG_WARN_DIRECT_OBJC_ISA_USAGE = YES_ERROR;
				CLANG_WARN_DOCUMENTATION_COMMENTS = YES;
				CLANG_WARN_EMPTY_BODY = YES;
				CLANG_WARN_ENUM_CONVERSION = YES;
				CLANG_WARN_INFINITE_RECURSION = YES;
				CLANG_WARN_INT_CONVERSION = YES;
				CLANG_WARN_NON_LITERAL_NULL_CONVERSION = YES;
				CLANG_WARN_OBJC_LITERAL_CONVERSION = YES;
				CLANG_WARN_OBJC_ROOT_CLASS = YES_ERROR;
				CLANG_WARN_RANGE_LOOP_ANALYSIS = YES;
				CLANG_WARN_STRICT_PROTOTYPES = YES;
				CLANG_WARN_SUSPICIOUS_MOVE = YES;
				CLANG_WARN_UNGUARDED_AVAILABILITY = YES_AGGRESSIVE;
				CLANG_WARN_UNREACHABLE_CODE = YES;
				CLANG_WARN__DUPLICATE_METHOD_MATCH = YES;
				CODE_SIGN_IDENTITY = "iPhone Developer";
				COPY_PHASE_STRIP = NO;
				DEBUG_INFORMATION_FORMAT = "dwarf-with-dsym";
				ENABLE_NS_ASSERTIONS = NO;
				ENABLE_STRICT_OBJC_MSGSEND = YES;
				GCC_C_LANGUAGE_STANDARD = gnu11;
				GCC_NO_COMMON_BLOCKS = YES;
				GCC_WARN_64_TO_32_BIT_CONVERSION = YES;
				GCC_WARN_ABOUT_RETURN_TYPE = YES_ERROR;
				GCC_WARN_UNDECLARED_SELECTOR = YES;
				GCC_WARN_UNINITIALIZED_AUTOS = YES_AGGRESSIVE;
				GCC_WARN_UNUSED_FUNCTION = YES;
				GCC_WARN_UNUSED_VARIABLE = YES;
				IPHONEOS_DEPLOYMENT_TARGET = 11.2;
				MTL_ENABLE_DEBUG_INFO = NO;
				SDKROOT = iphoneos;
				SWIFT_OPTIMIZATION_LEVEL = "-Owholemodule";
				VALIDATE_PRODUCT = YES;
			};
			name = Release;
		};
		0E09CC62209D22F200745249 /* Debug */ = {
			isa = XCBuildConfiguration;
			buildSettings = {
				ASSETCATALOG_COMPILER_APPICON_NAME = AppIcon;
				CODE_SIGN_STYLE = Automatic;
				DEVELOPMENT_TEAM = 64ZVRS727W;
				INFOPLIST_FILE = aplicacion_deUnaVentana/Info.plist;
				LD_RUNPATH_SEARCH_PATHS = "$(inherited) @executable_path/Frameworks";
				PRODUCT_BUNDLE_IDENTIFIER = "EduardoRojasAlvarez.aplicacion-deUnaVentana";
				PRODUCT_NAME = "$(TARGET_NAME)";
				SWIFT_VERSION = 4.0;
				TARGETED_DEVICE_FAMILY = "1,2";
			};
			name = Debug;
		};
		0E09CC63209D22F200745249 /* Release */ = {
			isa = XCBuildConfiguration;
			buildSettings = {
				ASSETCATALOG_COMPILER_APPICON_NAME = AppIcon;
				CODE_SIGN_STYLE = Automatic;
				DEVELOPMENT_TEAM = 64ZVRS727W;
				INFOPLIST_FILE = aplicacion_deUnaVentana/Info.plist;
				LD_RUNPATH_SEARCH_PATHS = "$(inherited) @executable_path/Frameworks";
				PRODUCT_BUNDLE_IDENTIFIER = "EduardoRojasAlvarez.aplicacion-deUnaVentana";
				PRODUCT_NAME = "$(TARGET_NAME)";
				SWIFT_VERSION = 4.0;
				TARGETED_DEVICE_FAMILY = "1,2";
			};
			name = Release;
		};
		0E09CC65209D22F200745249 /* Debug */ = {
			isa = XCBuildConfiguration;
			buildSettings = {
				ALWAYS_EMBED_SWIFT_STANDARD_LIBRARIES = YES;
				BUNDLE_LOADER = "$(TEST_HOST)";
				CODE_SIGN_STYLE = Automatic;
				DEVELOPMENT_TEAM = 64ZVRS727W;
				INFOPLIST_FILE = aplicacion_deUnaVentanaTests/Info.plist;
				LD_RUNPATH_SEARCH_PATHS = "$(inherited) @executable_path/Frameworks @loader_path/Frameworks";
				PRODUCT_BUNDLE_IDENTIFIER = "EduardoRojasAlvarez.aplicacion-deUnaVentanaTests";
				PRODUCT_NAME = "$(TARGET_NAME)";
				SWIFT_VERSION = 4.0;
				TARGETED_DEVICE_FAMILY = "1,2";
				TEST_HOST = "$(BUILT_PRODUCTS_DIR)/aplicacion_deUnaVentana.app/aplicacion_deUnaVentana";
			};
			name = Debug;
		};
		0E09CC66209D22F200745249 /* Release */ = {
			isa = XCBuildConfiguration;
			buildSettings = {
				ALWAYS_EMBED_SWIFT_STANDARD_LIBRARIES = YES;
				BUNDLE_LOADER = "$(TEST_HOST)";
				CODE_SIGN_STYLE = Automatic;
				DEVELOPMENT_TEAM = 64ZVRS727W;
				INFOPLIST_FILE = aplicacion_deUnaVentanaTests/Info.plist;
				LD_RUNPATH_SEARCH_PATHS = "$(inherited) @executable_path/Frameworks @loader_path/Frameworks";
				PRODUCT_BUNDLE_IDENTIFIER = "EduardoRojasAlvarez.aplicacion-deUnaVentanaTests";
				PRODUCT_NAME = "$(TARGET_NAME)";
				SWIFT_VERSION = 4.0;
				TARGETED_DEVICE_FAMILY = "1,2";
				TEST_HOST = "$(BUILT_PRODUCTS_DIR)/aplicacion_deUnaVentana.app/aplicacion_deUnaVentana";
			};
			name = Release;
		};
		0E09CC68209D22F200745249 /* Debug */ = {
			isa = XCBuildConfiguration;
			buildSettings = {
				ALWAYS_EMBED_SWIFT_STANDARD_LIBRARIES = YES;
				CODE_SIGN_STYLE = Automatic;
				DEVELOPMENT_TEAM = 64ZVRS727W;
				INFOPLIST_FILE = aplicacion_deUnaVentanaUITests/Info.plist;
				LD_RUNPATH_SEARCH_PATHS = "$(inherited) @executable_path/Frameworks @loader_path/Frameworks";
				PRODUCT_BUNDLE_IDENTIFIER = "EduardoRojasAlvarez.aplicacion-deUnaVentanaUITests";
				PRODUCT_NAME = "$(TARGET_NAME)";
				SWIFT_VERSION = 4.0;
				TARGETED_DEVICE_FAMILY = "1,2";
				TEST_TARGET_NAME = aplicacion_deUnaVentana;
			};
			name = Debug;
		};
		0E09CC69209D22F200745249 /* Release */ = {
			isa = XCBuildConfiguration;
			buildSettings = {
				ALWAYS_EMBED_SWIFT_STANDARD_LIBRARIES = YES;
				CODE_SIGN_STYLE = Automatic;
				DEVELOPMENT_TEAM = 64ZVRS727W;
				INFOPLIST_FILE = aplicacion_deUnaVentanaUITests/Info.plist;
				LD_RUNPATH_SEARCH_PATHS = "$(inherited) @executable_path/Frameworks @loader_path/Frameworks";
				PRODUCT_BUNDLE_IDENTIFIER = "EduardoRojasAlvarez.aplicacion-deUnaVentanaUITests";
				PRODUCT_NAME = "$(TARGET_NAME)";
				SWIFT_VERSION = 4.0;
				TARGETED_DEVICE_FAMILY = "1,2";
				TEST_TARGET_NAME = aplicacion_deUnaVentana;
			};
			name = Release;
		};
/* End XCBuildConfiguration section */

/* Begin XCConfigurationList section */
		0E09CC34209D22F200745249 /* Build configuration list for PBXProject "aplicacion_deUnaVentana" */ = {
			isa = XCConfigurationList;
			buildConfigurations = (
				0E09CC5F209D22F200745249 /* Debug */,
				0E09CC60209D22F200745249 /* Release */,
			);
			defaultConfigurationIsVisible = 0;
			defaultConfigurationName = Release;
		};
		0E09CC61209D22F200745249 /* Build configuration list for PBXNativeTarget "aplicacion_deUnaVentana" */ = {
			isa = XCConfigurationList;
			buildConfigurations = (
				0E09CC62209D22F200745249 /* Debug */,
				0E09CC63209D22F200745249 /* Release */,
			);
			defaultConfigurationIsVisible = 0;
			defaultConfigurationName = Release;
		};
		0E09CC64209D22F200745249 /* Build configuration list for PBXNativeTarget "aplicacion_deUnaVentanaTests" */ = {
			isa = XCConfigurationList;
			buildConfigurations = (
				0E09CC65209D22F200745249 /* Debug */,
				0E09CC66209D22F200745249 /* Release */,
			);
			defaultConfigurationIsVisible = 0;
			defaultConfigurationName = Release;
		};
		0E09CC67209D22F200745249 /* Build configuration list for PBXNativeTarget "aplicacion_deUnaVentanaUITests" */ = {
			isa = XCConfigurationList;
			buildConfigurations = (
				0E09CC68209D22F200745249 /* Debug */,
				0E09CC69209D22F200745249 /* Release */,
			);
			defaultConfigurationIsVisible = 0;
			defaultConfigurationName = Release;
		};
/* End XCConfigurationList section */
	};
	rootObject = 0E09CC31209D22F200745249 /* Project object */;
}
